// !$*UTF8*$!
{
	archiveVersion = 1;
	classes = {
	};
	objectVersion = 77;
	objects = {

/* Begin PBXBuildFile section */
		31739473078BF8EA0CA52DDC /* Pods_iosHost.framework in Frameworks */ = {isa = PBXBuildFile; fileRef = 9428C0DCE2F400A14C1B172D /* Pods_iosHost.framework */; };
		816DA8BDFECF8B5EC74E6EB2 /* Pods_iosHostTests.framework in Frameworks */ = {isa = PBXBuildFile; fileRef = B4EF01685F547429E21B1C8A /* Pods_iosHostTests.framework */; };
		EE37E84B76502287E3C17259 /* Pods_iosHost_iosHostUITests.framework in Frameworks */ = {isa = PBXBuildFile; fileRef = 88C586F52C03CC6DFE21A05C /* Pods_iosHost_iosHostUITests.framework */; };
/* End PBXBuildFile section */

/* Begin PBXContainerItemProxy section */
		D2F06A1F2DABD0530008A92A /* PBXContainerItemProxy */ = {
			isa = PBXContainerItemProxy;
			containerPortal = D2F06A062DABD0520008A92A /* Project object */;
			proxyType = 1;
			remoteGlobalIDString = D2F06A0D2DABD0520008A92A;
			remoteInfo = iosHost;
		};
		D2F06A292DABD0530008A92A /* PBXContainerItemProxy */ = {
			isa = PBXContainerItemProxy;
			containerPortal = D2F06A062DABD0520008A92A /* Project object */;
			proxyType = 1;
			remoteGlobalIDString = D2F06A0D2DABD0520008A92A;
			remoteInfo = iosHost;
		};
/* End PBXContainerItemProxy section */

/* Begin PBXFileReference section */
		047ED031EF7389B852535D30 /* Pods-iosHost-iosHostUITests.release.xcconfig */ = {isa = PBXFileReference; includeInIndex = 1; lastKnownFileType = text.xcconfig; name = "Pods-iosHost-iosHostUITests.release.xcconfig"; path = "Target Support Files/Pods-iosHost-iosHostUITests/Pods-iosHost-iosHostUITests.release.xcconfig"; sourceTree = "<group>"; };
		19142E059DC5CFCCED07DA47 /* Pods-iosHostTests.release.xcconfig */ = {isa = PBXFileReference; includeInIndex = 1; lastKnownFileType = text.xcconfig; name = "Pods-iosHostTests.release.xcconfig"; path = "Target Support Files/Pods-iosHostTests/Pods-iosHostTests.release.xcconfig"; sourceTree = "<group>"; };
		651DF2C96D7CB1B521A4A439 /* Pods-iosHost.debug.xcconfig */ = {isa = PBXFileReference; includeInIndex = 1; lastKnownFileType = text.xcconfig; name = "Pods-iosHost.debug.xcconfig"; path = "Target Support Files/Pods-iosHost/Pods-iosHost.debug.xcconfig"; sourceTree = "<group>"; };
		88C586F52C03CC6DFE21A05C /* Pods_iosHost_iosHostUITests.framework */ = {isa = PBXFileReference; explicitFileType = wrapper.framework; includeInIndex = 0; path = Pods_iosHost_iosHostUITests.framework; sourceTree = BUILT_PRODUCTS_DIR; };
		9428C0DCE2F400A14C1B172D /* Pods_iosHost.framework */ = {isa = PBXFileReference; explicitFileType = wrapper.framework; includeInIndex = 0; path = Pods_iosHost.framework; sourceTree = BUILT_PRODUCTS_DIR; };
		B4EF01685F547429E21B1C8A /* Pods_iosHostTests.framework */ = {isa = PBXFileReference; explicitFileType = wrapper.framework; includeInIndex = 0; path = Pods_iosHostTests.framework; sourceTree = BUILT_PRODUCTS_DIR; };
		C45591A8BD92BB36C1EA3095 /* Pods-iosHostTests.debug.xcconfig */ = {isa = PBXFileReference; includeInIndex = 1; lastKnownFileType = text.xcconfig; name = "Pods-iosHostTests.debug.xcconfig"; path = "Target Support Files/Pods-iosHostTests/Pods-iosHostTests.debug.xcconfig"; sourceTree = "<group>"; };
		CD382DFD4E6AEA22E357CC7C /* Pods-iosHost-iosHostUITests.debug.xcconfig */ = {isa = PBXFileReference; includeInIndex = 1; lastKnownFileType = text.xcconfig; name = "Pods-iosHost-iosHostUITests.debug.xcconfig"; path = "Target Support Files/Pods-iosHost-iosHostUITests/Pods-iosHost-iosHostUITests.debug.xcconfig"; sourceTree = "<group>"; };
		D2F06A0E2DABD0520008A92A /* iosHost.app */ = {isa = PBXFileReference; explicitFileType = wrapper.application; includeInIndex = 0; path = iosHost.app; sourceTree = BUILT_PRODUCTS_DIR; };
		D2F06A1E2DABD0530008A92A /* iosHostTests.xctest */ = {isa = PBXFileReference; explicitFileType = wrapper.cfbundle; includeInIndex = 0; path = iosHostTests.xctest; sourceTree = BUILT_PRODUCTS_DIR; };
		D2F06A282DABD0530008A92A /* iosHostUITests.xctest */ = {isa = PBXFileReference; explicitFileType = wrapper.cfbundle; includeInIndex = 0; path = iosHostUITests.xctest; sourceTree = BUILT_PRODUCTS_DIR; };
		E0C9D9111C572A5F8786E4B1 /* Pods-iosHost.release.xcconfig */ = {isa = PBXFileReference; includeInIndex = 1; lastKnownFileType = text.xcconfig; name = "Pods-iosHost.release.xcconfig"; path = "Target Support Files/Pods-iosHost/Pods-iosHost.release.xcconfig"; sourceTree = "<group>"; };
/* End PBXFileReference section */

/* Begin PBXFileSystemSynchronizedRootGroup section */
		D2F06A102DABD0520008A92A /* iosHost */ = {
			isa = PBXFileSystemSynchronizedRootGroup;
			path = iosHost;
			sourceTree = "<group>";
		};
		D2F06A212DABD0530008A92A /* iosHostTests */ = {
			isa = PBXFileSystemSynchronizedRootGroup;
			path = iosHostTests;
			sourceTree = "<group>";
		};
		D2F06A2B2DABD0530008A92A /* iosHostUITests */ = {
			isa = PBXFileSystemSynchronizedRootGroup;
			path = iosHostUITests;
			sourceTree = "<group>";
		};
/* End PBXFileSystemSynchronizedRootGroup section */

/* Begin PBXFrameworksBuildPhase section */
		D2F06A0B2DABD0520008A92A /* Frameworks */ = {
			isa = PBXFrameworksBuildPhase;
			buildActionMask = 2147483647;
			files = (
				31739473078BF8EA0CA52DDC /* Pods_iosHost.framework in Frameworks */,
			);
			runOnlyForDeploymentPostprocessing = 0;
		};
		D2F06A1B2DABD0530008A92A /* Frameworks */ = {
			isa = PBXFrameworksBuildPhase;
			buildActionMask = 2147483647;
			files = (
				816DA8BDFECF8B5EC74E6EB2 /* Pods_iosHostTests.framework in Frameworks */,
			);
			runOnlyForDeploymentPostprocessing = 0;
		};
		D2F06A252DABD0530008A92A /* Frameworks */ = {
			isa = PBXFrameworksBuildPhase;
			buildActionMask = 2147483647;
			files = (
				EE37E84B76502287E3C17259 /* Pods_iosHost_iosHostUITests.framework in Frameworks */,
			);
			runOnlyForDeploymentPostprocessing = 0;
		};
/* End PBXFrameworksBuildPhase section */

/* Begin PBXGroup section */
		A3E399C2BFA46882AA2B3D29 /* Pods */ = {
			isa = PBXGroup;
			children = (
				651DF2C96D7CB1B521A4A439 /* Pods-iosHost.debug.xcconfig */,
				E0C9D9111C572A5F8786E4B1 /* Pods-iosHost.release.xcconfig */,
				CD382DFD4E6AEA22E357CC7C /* Pods-iosHost-iosHostUITests.debug.xcconfig */,
				047ED031EF7389B852535D30 /* Pods-iosHost-iosHostUITests.release.xcconfig */,
				C45591A8BD92BB36C1EA3095 /* Pods-iosHostTests.debug.xcconfig */,
				19142E059DC5CFCCED07DA47 /* Pods-iosHostTests.release.xcconfig */,
			);
			path = Pods;
			sourceTree = "<group>";
		};
		C1F1135E34D9E0CAF708F6AB /* Frameworks */ = {
			isa = PBXGroup;
			children = (
				9428C0DCE2F400A14C1B172D /* Pods_iosHost.framework */,
				88C586F52C03CC6DFE21A05C /* Pods_iosHost_iosHostUITests.framework */,
				B4EF01685F547429E21B1C8A /* Pods_iosHostTests.framework */,
			);
			name = Frameworks;
			sourceTree = "<group>";
		};
		D2F06A052DABD0520008A92A = {
			isa = PBXGroup;
			children = (
				D2F06A102DABD0520008A92A /* iosHost */,
				D2F06A212DABD0530008A92A /* iosHostTests */,
				D2F06A2B2DABD0530008A92A /* iosHostUITests */,
				D2F06A0F2DABD0520008A92A /* Products */,
				A3E399C2BFA46882AA2B3D29 /* Pods */,
				C1F1135E34D9E0CAF708F6AB /* Frameworks */,
			);
			sourceTree = "<group>";
		};
		D2F06A0F2DABD0520008A92A /* Products */ = {
			isa = PBXGroup;
			children = (
				D2F06A0E2DABD0520008A92A /* iosHost.app */,
				D2F06A1E2DABD0530008A92A /* iosHostTests.xctest */,
				D2F06A282DABD0530008A92A /* iosHostUITests.xctest */,
			);
			name = Products;
			sourceTree = "<group>";
		};
/* End PBXGroup section */

/* Begin PBXNativeTarget section */
		D2F06A0D2DABD0520008A92A /* iosHost */ = {
			isa = PBXNativeTarget;
			buildConfigurationList = D2F06A322DABD0530008A92A /* Build configuration list for PBXNativeTarget "iosHost" */;
			buildPhases = (
				213A50CEF202EDB0AB803B7D /* [CP] Check Pods Manifest.lock */,
				19564119CF0A30B03672D0F7 /* [CP-User] Run Flutter Build flutter_module Script */,
				D2F06A0A2DABD0520008A92A /* Sources */,
				D2F06A0B2DABD0520008A92A /* Frameworks */,
				D2F06A0C2DABD0520008A92A /* Resources */,
				A3E6ABA740C1D00826848203 /* [CP-User] Embed Flutter Build flutter_module Script */,
			);
			buildRules = (
			);
			dependencies = (
			);
			fileSystemSynchronizedGroups = (
				D2F06A102DABD0520008A92A /* iosHost */,
			);
			name = iosHost;
			productName = iosHost;
			productReference = D2F06A0E2DABD0520008A92A /* iosHost.app */;
			productType = "com.apple.product-type.application";
		};
		D2F06A1D2DABD0530008A92A /* iosHostTests */ = {
			isa = PBXNativeTarget;
			buildConfigurationList = D2F06A352DABD0530008A92A /* Build configuration list for PBXNativeTarget "iosHostTests" */;
			buildPhases = (
				C72D6BEC53D04F8DD5561166 /* [CP] Check Pods Manifest.lock */,
				D2F06A1A2DABD0530008A92A /* Sources */,
				D2F06A1B2DABD0530008A92A /* Frameworks */,
				D2F06A1C2DABD0530008A92A /* Resources */,
			);
			buildRules = (
			);
			dependencies = (
				D2F06A202DABD0530008A92A /* PBXTargetDependency */,
			);
			fileSystemSynchronizedGroups = (
				D2F06A212DABD0530008A92A /* iosHostTests */,
			);
			name = iosHostTests;
			productName = iosHostTests;
			productReference = D2F06A1E2DABD0530008A92A /* iosHostTests.xctest */;
			productType = "com.apple.product-type.bundle.unit-test";
		};
		D2F06A272DABD0530008A92A /* iosHostUITests */ = {
			isa = PBXNativeTarget;
			buildConfigurationList = D2F06A382DABD0530008A92A /* Build configuration list for PBXNativeTarget "iosHostUITests" */;
			buildPhases = (
				43A1FE1495DDAF2C36D379CA /* [CP] Check Pods Manifest.lock */,
				D2F06A242DABD0530008A92A /* Sources */,
				D2F06A252DABD0530008A92A /* Frameworks */,
				D2F06A262DABD0530008A92A /* Resources */,
			);
			buildRules = (
			);
			dependencies = (
				D2F06A2A2DABD0530008A92A /* PBXTargetDependency */,
			);
			fileSystemSynchronizedGroups = (
				D2F06A2B2DABD0530008A92A /* iosHostUITests */,
			);
			name = iosHostUITests;
			productName = iosHostUITests;
			productReference = D2F06A282DABD0530008A92A /* iosHostUITests.xctest */;
			productType = "com.apple.product-type.bundle.ui-testing";
		};
/* End PBXNativeTarget section */

/* Begin PBXProject section */
		D2F06A062DABD0520008A92A /* Project object */ = {
			isa = PBXProject;
			attributes = {
				BuildIndependentTargetsInParallel = 1;
				LastSwiftUpdateCheck = 1620;
				LastUpgradeCheck = 1620;
				TargetAttributes = {
					D2F06A0D2DABD0520008A92A = {
						CreatedOnToolsVersion = 16.2;
					};
					D2F06A1D2DABD0530008A92A = {
						CreatedOnToolsVersion = 16.2;
						TestTargetID = D2F06A0D2DABD0520008A92A;
					};
					D2F06A272DABD0530008A92A = {
						CreatedOnToolsVersion = 16.2;
						TestTargetID = D2F06A0D2DABD0520008A92A;
					};
				};
			};
			buildConfigurationList = D2F06A092DABD0520008A92A /* Build configuration list for PBXProject "iosHost" */;
			developmentRegion = en;
			hasScannedForEncodings = 0;
			knownRegions = (
				en,
				Base,
			);
			mainGroup = D2F06A052DABD0520008A92A;
			minimizedProjectReferenceProxies = 1;
			preferredProjectObjectVersion = 77;
			productRefGroup = D2F06A0F2DABD0520008A92A /* Products */;
			projectDirPath = "";
			projectRoot = "";
			targets = (
				D2F06A0D2DABD0520008A92A /* iosHost */,
				D2F06A1D2DABD0530008A92A /* iosHostTests */,
				D2F06A272DABD0530008A92A /* iosHostUITests */,
			);
		};
/* End PBXProject section */

/* Begin PBXResourcesBuildPhase section */
		D2F06A0C2DABD0520008A92A /* Resources */ = {
			isa = PBXResourcesBuildPhase;
			buildActionMask = 2147483647;
			files = (
			);
			runOnlyForDeploymentPostprocessing = 0;
		};
		D2F06A1C2DABD0530008A92A /* Resources */ = {
			isa = PBXResourcesBuildPhase;
			buildActionMask = 2147483647;
			files = (
			);
			runOnlyForDeploymentPostprocessing = 0;
		};
		D2F06A262DABD0530008A92A /* Resources */ = {
			isa = PBXResourcesBuildPhase;
			buildActionMask = 2147483647;
			files = (
			);
			runOnlyForDeploymentPostprocessing = 0;
		};
/* End PBXResourcesBuildPhase section */

/* Begin PBXShellScriptBuildPhase section */
		19564119CF0A30B03672D0F7 /* [CP-User] Run Flutter Build flutter_module Script */ = {
			isa = PBXShellScriptBuildPhase;
			buildActionMask = 2147483647;
			files = (
			);
			name = "[CP-User] Run Flutter Build flutter_module Script";
			runOnlyForDeploymentPostprocessing = 0;
			shellPath = /bin/sh;
			shellScript = "set -e\nset -u\nsource \"${SRCROOT}/../flutter_module/.ios/Flutter/flutter_export_environment.sh\"\nexport VERBOSE_SCRIPT_LOGGING=1 && \"$FLUTTER_ROOT\"/packages/flutter_tools/bin/xcode_backend.sh build";
		};
		213A50CEF202EDB0AB803B7D /* [CP] Check Pods Manifest.lock */ = {
			isa = PBXShellScriptBuildPhase;
			buildActionMask = 2147483647;
			files = (
			);
			inputFileListPaths = (
			);
			inputPaths = (
				"${PODS_PODFILE_DIR_PATH}/Podfile.lock",
				"${PODS_ROOT}/Manifest.lock",
			);
			name = "[CP] Check Pods Manifest.lock";
			outputFileListPaths = (
			);
			outputPaths = (
				"$(DERIVED_FILE_DIR)/Pods-iosHost-checkManifestLockResult.txt",
			);
			runOnlyForDeploymentPostprocessing = 0;
			shellPath = /bin/sh;
			shellScript = "diff \"${PODS_PODFILE_DIR_PATH}/Podfile.lock\" \"${PODS_ROOT}/Manifest.lock\" > /dev/null\nif [ $? != 0 ] ; then\n    # print error to STDERR\n    echo \"error: The sandbox is not in sync with the Podfile.lock. Run 'pod install' or update your CocoaPods installation.\" >&2\n    exit 1\nfi\n# This output is used by Xcode 'outputs' to avoid re-running this script phase.\necho \"SUCCESS\" > \"${SCRIPT_OUTPUT_FILE_0}\"\n";
			showEnvVarsInLog = 0;
		};
		43A1FE1495DDAF2C36D379CA /* [CP] Check Pods Manifest.lock */ = {
			isa = PBXShellScriptBuildPhase;
			buildActionMask = 2147483647;
			files = (
			);
			inputFileListPaths = (
			);
			inputPaths = (
				"${PODS_PODFILE_DIR_PATH}/Podfile.lock",
				"${PODS_ROOT}/Manifest.lock",
			);
			name = "[CP] Check Pods Manifest.lock";
			outputFileListPaths = (
			);
			outputPaths = (
				"$(DERIVED_FILE_DIR)/Pods-iosHost-iosHostUITests-checkManifestLockResult.txt",
			);
			runOnlyForDeploymentPostprocessing = 0;
			shellPath = /bin/sh;
			shellScript = "diff \"${PODS_PODFILE_DIR_PATH}/Podfile.lock\" \"${PODS_ROOT}/Manifest.lock\" > /dev/null\nif [ $? != 0 ] ; then\n    # print error to STDERR\n    echo \"error: The sandbox is not in sync with the Podfile.lock. Run 'pod install' or update your CocoaPods installation.\" >&2\n    exit 1\nfi\n# This output is used by Xcode 'outputs' to avoid re-running this script phase.\necho \"SUCCESS\" > \"${SCRIPT_OUTPUT_FILE_0}\"\n";
			showEnvVarsInLog = 0;
		};
		A3E6ABA740C1D00826848203 /* [CP-User] Embed Flutter Build flutter_module Script */ = {
			isa = PBXShellScriptBuildPhase;
			buildActionMask = 2147483647;
			files = (
			);
			name = "[CP-User] Embed Flutter Build flutter_module Script";
			runOnlyForDeploymentPostprocessing = 0;
			shellPath = /bin/sh;
			shellScript = "set -e\nset -u\nsource \"${SRCROOT}/../flutter_module/.ios/Flutter/flutter_export_environment.sh\"\nexport VERBOSE_SCRIPT_LOGGING=1 && \"$FLUTTER_ROOT\"/packages/flutter_tools/bin/xcode_backend.sh embed_and_thin";
		};
		C72D6BEC53D04F8DD5561166 /* [CP] Check Pods Manifest.lock */ = {
			isa = PBXShellScriptBuildPhase;
			buildActionMask = 2147483647;
			files = (
			);
			inputFileListPaths = (
			);
			inputPaths = (
				"${PODS_PODFILE_DIR_PATH}/Podfile.lock",
				"${PODS_ROOT}/Manifest.lock",
			);
			name = "[CP] Check Pods Manifest.lock";
			outputFileListPaths = (
			);
			outputPaths = (
				"$(DERIVED_FILE_DIR)/Pods-iosHostTests-checkManifestLockResult.txt",
			);
			runOnlyForDeploymentPostprocessing = 0;
			shellPath = /bin/sh;
			shellScript = "diff \"${PODS_PODFILE_DIR_PATH}/Podfile.lock\" \"${PODS_ROOT}/Manifest.lock\" > /dev/null\nif [ $? != 0 ] ; then\n    # print error to STDERR\n    echo \"error: The sandbox is not in sync with the Podfile.lock. Run 'pod install' or update your CocoaPods installation.\" >&2\n    exit 1\nfi\n# This output is used by Xcode 'outputs' to avoid re-running this script phase.\necho \"SUCCESS\" > \"${SCRIPT_OUTPUT_FILE_0}\"\n";
			showEnvVarsInLog = 0;
		};
/* End PBXShellScriptBuildPhase section */

/* Begin PBXSourcesBuildPhase section */
		D2F06A0A2DABD0520008A92A /* Sources */ = {
			isa = PBXSourcesBuildPhase;
			buildActionMask = 2147483647;
			files = (
			);
			runOnlyForDeploymentPostprocessing = 0;
		};
		D2F06A1A2DABD0530008A92A /* Sources */ = {
			isa = PBXSourcesBuildPhase;
			buildActionMask = 2147483647;
			files = (
			);
			runOnlyForDeploymentPostprocessing = 0;
		};
		D2F06A242DABD0530008A92A /* Sources */ = {
			isa = PBXSourcesBuildPhase;
			buildActionMask = 2147483647;
			files = (
			);
			runOnlyForDeploymentPostprocessing = 0;
		};
/* End PBXSourcesBuildPhase section */

/* Begin PBXTargetDependency section */
		D2F06A202DABD0530008A92A /* PBXTargetDependency */ = {
			isa = PBXTargetDependency;
			target = D2F06A0D2DABD0520008A92A /* iosHost */;
			targetProxy = D2F06A1F2DABD0530008A92A /* PBXContainerItemProxy */;
		};
		D2F06A2A2DABD0530008A92A /* PBXTargetDependency */ = {
			isa = PBXTargetDependency;
			target = D2F06A0D2DABD0520008A92A /* iosHost */;
			targetProxy = D2F06A292DABD0530008A92A /* PBXContainerItemProxy */;
		};
/* End PBXTargetDependency section */

/* Begin XCBuildConfiguration section */
		D2F06A302DABD0530008A92A /* Debug */ = {
			isa = XCBuildConfiguration;
			buildSettings = {
				ALWAYS_SEARCH_USER_PATHS = NO;
				ASSETCATALOG_COMPILER_GENERATE_SWIFT_ASSET_SYMBOL_EXTENSIONS = YES;
				CLANG_ANALYZER_NONNULL = YES;
				CLANG_ANALYZER_NUMBER_OBJECT_CONVERSION = YES_AGGRESSIVE;
				CLANG_CXX_LANGUAGE_STANDARD = "gnu++20";
				CLANG_ENABLE_MODULES = YES;
				CLANG_ENABLE_OBJC_ARC = YES;
				CLANG_ENABLE_OBJC_WEAK = YES;
				CLANG_WARN_BLOCK_CAPTURE_AUTORELEASING = YES;
				CLANG_WARN_BOOL_CONVERSION = YES;
				CLANG_WARN_COMMA = YES;
				CLANG_WARN_CONSTANT_CONVERSION = YES;
				CLANG_WARN_DEPRECATED_OBJC_IMPLEMENTATIONS = YES;
				CLANG_WARN_DIRECT_OBJC_ISA_USAGE = YES_ERROR;
				CLANG_WARN_DOCUMENTATION_COMMENTS = YES;
				CLANG_WARN_EMPTY_BODY = YES;
				CLANG_WARN_ENUM_CONVERSION = YES;
				CLANG_WARN_INFINITE_RECURSION = YES;
				CLANG_WARN_INT_CONVERSION = YES;
				CLANG_WARN_NON_LITERAL_NULL_CONVERSION = YES;
				CLANG_WARN_OBJC_IMPLICIT_RETAIN_SELF = YES;
				CLANG_WARN_OBJC_LITERAL_CONVERSION = YES;
				CLANG_WARN_OBJC_ROOT_CLASS = YES_ERROR;
				CLANG_WARN_QUOTED_INCLUDE_IN_FRAMEWORK_HEADER = YES;
				CLANG_WARN_RANGE_LOOP_ANALYSIS = YES;
				CLANG_WARN_STRICT_PROTOTYPES = YES;
				CLANG_WARN_SUSPICIOUS_MOVE = YES;
				CLANG_WARN_UNGUARDED_AVAILABILITY = YES_AGGRESSIVE;
				CLANG_WARN_UNREACHABLE_CODE = YES;
				CLANG_WARN__DUPLICATE_METHOD_MATCH = YES;
				COPY_PHASE_STRIP = NO;
				DEBUG_INFORMATION_FORMAT = dwarf;
				ENABLE_STRICT_OBJC_MSGSEND = YES;
				ENABLE_TESTABILITY = YES;
				ENABLE_USER_SCRIPT_SANDBOXING = NO;
				GCC_C_LANGUAGE_STANDARD = gnu17;
				GCC_DYNAMIC_NO_PIC = NO;
				GCC_NO_COMMON_BLOCKS = YES;
				GCC_OPTIMIZATION_LEVEL = 0;
				GCC_PREPROCESSOR_DEFINITIONS = (
					"DEBUG=1",
					"$(inherited)",
				);
				GCC_WARN_64_TO_32_BIT_CONVERSION = YES;
				GCC_WARN_ABOUT_RETURN_TYPE = YES_ERROR;
				GCC_WARN_UNDECLARED_SELECTOR = YES;
				GCC_WARN_UNINITIALIZED_AUTOS = YES_AGGRESSIVE;
				GCC_WARN_UNUSED_FUNCTION = YES;
				GCC_WARN_UNUSED_VARIABLE = YES;
				IPHONEOS_DEPLOYMENT_TARGET = 18.2;
				LOCALIZATION_PREFERS_STRING_CATALOGS = YES;
				MTL_ENABLE_DEBUG_INFO = INCLUDE_SOURCE;
				MTL_FAST_MATH = YES;
				ONLY_ACTIVE_ARCH = YES;
				SDKROOT = iphoneos;
				SWIFT_ACTIVE_COMPILATION_CONDITIONS = "DEBUG $(inherited)";
				SWIFT_OPTIMIZATION_LEVEL = "-Onone";
			};
			name = Debug;
		};
		D2F06A312DABD0530008A92A /* Release */ = {
			isa = XCBuildConfiguration;
			buildSettings = {
				ALWAYS_SEARCH_USER_PATHS = NO;
				ASSETCATALOG_COMPILER_GENERATE_SWIFT_ASSET_SYMBOL_EXTENSIONS = YES;
				CLANG_ANALYZER_NONNULL = YES;
				CLANG_ANALYZER_NUMBER_OBJECT_CONVERSION = YES_AGGRESSIVE;
				CLANG_CXX_LANGUAGE_STANDARD = "gnu++20";
				CLANG_ENABLE_MODULES = YES;
				CLANG_ENABLE_OBJC_ARC = YES;
				CLANG_ENABLE_OBJC_WEAK = YES;
				CLANG_WARN_BLOCK_CAPTURE_AUTORELEASING = YES;
				CLANG_WARN_BOOL_CONVERSION = YES;
				CLANG_WARN_COMMA = YES;
				CLANG_WARN_CONSTANT_CONVERSION = YES;
				CLANG_WARN_DEPRECATED_OBJC_IMPLEMENTATIONS = YES;
				CLANG_WARN_DIRECT_OBJC_ISA_USAGE = YES_ERROR;
				CLANG_WARN_DOCUMENTATION_COMMENTS = YES;
				CLANG_WARN_EMPTY_BODY = YES;
				CLANG_WARN_ENUM_CONVERSION = YES;
				CLANG_WARN_INFINITE_RECURSION = YES;
				CLANG_WARN_INT_CONVERSION = YES;
				CLANG_WARN_NON_LITERAL_NULL_CONVERSION = YES;
				CLANG_WARN_OBJC_IMPLICIT_RETAIN_SELF = YES;
				CLANG_WARN_OBJC_LITERAL_CONVERSION = YES;
				CLANG_WARN_OBJC_ROOT_CLASS = YES_ERROR;
				CLANG_WARN_QUOTED_INCLUDE_IN_FRAMEWORK_HEADER = YES;
				CLANG_WARN_RANGE_LOOP_ANALYSIS = YES;
				CLANG_WARN_STRICT_PROTOTYPES = YES;
				CLANG_WARN_SUSPICIOUS_MOVE = YES;
				CLANG_WARN_UNGUARDED_AVAILABILITY = YES_AGGRESSIVE;
				CLANG_WARN_UNREACHABLE_CODE = YES;
				CLANG_WARN__DUPLICATE_METHOD_MATCH = YES;
				COPY_PHASE_STRIP = NO;
				DEBUG_INFORMATION_FORMAT = "dwarf-with-dsym";
				ENABLE_NS_ASSERTIONS = NO;
				ENABLE_STRICT_OBJC_MSGSEND = YES;
				ENABLE_USER_SCRIPT_SANDBOXING = NO;
				GCC_C_LANGUAGE_STANDARD = gnu17;
				GCC_NO_COMMON_BLOCKS = YES;
				GCC_WARN_64_TO_32_BIT_CONVERSION = YES;
				GCC_WARN_ABOUT_RETURN_TYPE = YES_ERROR;
				GCC_WARN_UNDECLARED_SELECTOR = YES;
				GCC_WARN_UNINITIALIZED_AUTOS = YES_AGGRESSIVE;
				GCC_WARN_UNUSED_FUNCTION = YES;
				GCC_WARN_UNUSED_VARIABLE = YES;
				IPHONEOS_DEPLOYMENT_TARGET = 18.2;
				LOCALIZATION_PREFERS_STRING_CATALOGS = YES;
				MTL_ENABLE_DEBUG_INFO = NO;
				MTL_FAST_MATH = YES;
				SDKROOT = iphoneos;
				SWIFT_COMPILATION_MODE = wholemodule;
				VALIDATE_PRODUCT = YES;
			};
			name = Release;
		};
		D2F06A332DABD0530008A92A /* Debug */ = {
			isa = XCBuildConfiguration;
			baseConfigurationReference = 651DF2C96D7CB1B521A4A439 /* Pods-iosHost.debug.xcconfig */;
			buildSettings = {
				ASSETCATALOG_COMPILER_APPICON_NAME = AppIcon;
				ASSETCATALOG_COMPILER_GLOBAL_ACCENT_COLOR_NAME = AccentColor;
				CODE_SIGN_STYLE = Automatic;
				CURRENT_PROJECT_VERSION = 1;
				DEVELOPMENT_ASSET_PATHS = "\"iosHost/Preview Content\"";
				DEVELOPMENT_TEAM = S2H248TSP5;
				ENABLE_PREVIEWS = YES;
				GENERATE_INFOPLIST_FILE = YES;
				INFOPLIST_KEY_UIApplicationSceneManifest_Generation = YES;
				INFOPLIST_KEY_UIApplicationSupportsIndirectInputEvents = YES;
				INFOPLIST_KEY_UILaunchScreen_Generation = YES;
				INFOPLIST_KEY_UISupportedInterfaceOrientations_iPad = "UIInterfaceOrientationPortrait UIInterfaceOrientationPortraitUpsideDown UIInterfaceOrientationLandscapeLeft UIInterfaceOrientationLandscapeRight";
				INFOPLIST_KEY_UISupportedInterfaceOrientations_iPhone = "UIInterfaceOrientationPortrait UIInterfaceOrientationLandscapeLeft UIInterfaceOrientationLandscapeRight";
				LD_RUNPATH_SEARCH_PATHS = (
					"$(inherited)",
					"@executable_path/Frameworks",
				);
				MARKETING_VERSION = 1.0;
				PRODUCT_BUNDLE_IDENTIFIER = ru.yandex.iosHost;
				PRODUCT_NAME = "$(TARGET_NAME)";
				SWIFT_EMIT_LOC_STRINGS = YES;
				SWIFT_VERSION = 5.0;
				TARGETED_DEVICE_FAMILY = "1,2";
			};
			name = Debug;
		};
		D2F06A342DABD0530008A92A /* Release */ = {
			isa = XCBuildConfiguration;
			baseConfigurationReference = E0C9D9111C572A5F8786E4B1 /* Pods-iosHost.release.xcconfig */;
			buildSettings = {
				ASSETCATALOG_COMPILER_APPICON_NAME = AppIcon;
				ASSETCATALOG_COMPILER_GLOBAL_ACCENT_COLOR_NAME = AccentColor;
				CODE_SIGN_STYLE = Automatic;
				CURRENT_PROJECT_VERSION = 1;
				DEVELOPMENT_ASSET_PATHS = "\"iosHost/Preview Content\"";
				DEVELOPMENT_TEAM = S2H248TSP5;
				ENABLE_PREVIEWS = YES;
				GENERATE_INFOPLIST_FILE = YES;
				INFOPLIST_KEY_UIApplicationSceneManifest_Generation = YES;
				INFOPLIST_KEY_UIApplicationSupportsIndirectInputEvents = YES;
				INFOPLIST_KEY_UILaunchScreen_Generation = YES;
				INFOPLIST_KEY_UISupportedInterfaceOrientations_iPad = "UIInterfaceOrientationPortrait UIInterfaceOrientationPortraitUpsideDown UIInterfaceOrientationLandscapeLeft UIInterfaceOrientationLandscapeRight";
				INFOPLIST_KEY_UISupportedInterfaceOrientations_iPhone = "UIInterfaceOrientationPortrait UIInterfaceOrientationLandscapeLeft UIInterfaceOrientationLandscapeRight";
				LD_RUNPATH_SEARCH_PATHS = (
					"$(inherited)",
					"@executable_path/Frameworks",
				);
				MARKETING_VERSION = 1.0;
				PRODUCT_BUNDLE_IDENTIFIER = ru.yandex.iosHost;
				PRODUCT_NAME = "$(TARGET_NAME)";
				SWIFT_EMIT_LOC_STRINGS = YES;
				SWIFT_VERSION = 5.0;
				TARGETED_DEVICE_FAMILY = "1,2";
			};
			name = Release;
		};
		D2F06A362DABD0530008A92A /* Debug */ = {
			isa = XCBuildConfiguration;
			baseConfigurationReference = C45591A8BD92BB36C1EA3095 /* Pods-iosHostTests.debug.xcconfig */;
			buildSettings = {
				BUNDLE_LOADER = "$(TEST_HOST)";
				CODE_SIGN_STYLE = Automatic;
				CURRENT_PROJECT_VERSION = 1;
				DEVELOPMENT_TEAM = S2H248TSP5;
				GENERATE_INFOPLIST_FILE = YES;
				IPHONEOS_DEPLOYMENT_TARGET = 18.2;
				MARKETING_VERSION = 1.0;
				PRODUCT_BUNDLE_IDENTIFIER = ru.yandex.iosHostTests;
				PRODUCT_NAME = "$(TARGET_NAME)";
				SWIFT_EMIT_LOC_STRINGS = NO;
				SWIFT_VERSION = 5.0;
				TARGETED_DEVICE_FAMILY = "1,2";
				TEST_HOST = "$(BUILT_PRODUCTS_DIR)/iosHost.app/$(BUNDLE_EXECUTABLE_FOLDER_PATH)/iosHost";
			};
			name = Debug;
		};
		D2F06A372DABD0530008A92A /* Release */ = {
			isa = XCBuildConfiguration;
			baseConfigurationReference = 19142E059DC5CFCCED07DA47 /* Pods-iosHostTests.release.xcconfig */;
			buildSettings = {
				BUNDLE_LOADER = "$(TEST_HOST)";
				CODE_SIGN_STYLE = Automatic;
				CURRENT_PROJECT_VERSION = 1;
				DEVELOPMENT_TEAM = S2H248TSP5;
				GENERATE_INFOPLIST_FILE = YES;
				IPHONEOS_DEPLOYMENT_TARGET = 18.2;
				MARKETING_VERSION = 1.0;
				PRODUCT_BUNDLE_IDENTIFIER = ru.yandex.iosHostTests;
				PRODUCT_NAME = "$(TARGET_NAME)";
				SWIFT_EMIT_LOC_STRINGS = NO;
				SWIFT_VERSION = 5.0;
				TARGETED_DEVICE_FAMILY = "1,2";
				TEST_HOST = "$(BUILT_PRODUCTS_DIR)/iosHost.app/$(BUNDLE_EXECUTABLE_FOLDER_PATH)/iosHost";
			};
			name = Release;
		};
		D2F06A392DABD0530008A92A /* Debug */ = {
			isa = XCBuildConfiguration;
			baseConfigurationReference = CD382DFD4E6AEA22E357CC7C /* Pods-iosHost-iosHostUITests.debug.xcconfig */;
			buildSettings = {
				CODE_SIGN_STYLE = Automatic;
				CURRENT_PROJECT_VERSION = 1;
				DEVELOPMENT_TEAM = S2H248TSP5;
				GENERATE_INFOPLIST_FILE = YES;
				MARKETING_VERSION = 1.0;
				PRODUCT_BUNDLE_IDENTIFIER = ru.yandex.iosHostUITests;
				PRODUCT_NAME = "$(TARGET_NAME)";
				SWIFT_EMIT_LOC_STRINGS = NO;
				SWIFT_VERSION = 5.0;
				TARGETED_DEVICE_FAMILY = "1,2";
				TEST_TARGET_NAME = iosHost;
			};
			name = Debug;
		};
		D2F06A3A2DABD0530008A92A /* Release */ = {
			isa = XCBuildConfiguration;
			baseConfigurationReference = 047ED031EF7389B852535D30 /* Pods-iosHost-iosHostUITests.release.xcconfig */;
			buildSettings = {
				CODE_SIGN_STYLE = Automatic;
				CURRENT_PROJECT_VERSION = 1;
				DEVELOPMENT_TEAM = S2H248TSP5;
				GENERATE_INFOPLIST_FILE = YES;
				MARKETING_VERSION = 1.0;
				PRODUCT_BUNDLE_IDENTIFIER = ru.yandex.iosHostUITests;
				PRODUCT_NAME = "$(TARGET_NAME)";
				SWIFT_EMIT_LOC_STRINGS = NO;
				SWIFT_VERSION = 5.0;
				TARGETED_DEVICE_FAMILY = "1,2";
				TEST_TARGET_NAME = iosHost;
			};
			name = Release;
		};
/* End XCBuildConfiguration section */

/* Begin XCConfigurationList section */
		D2F06A092DABD0520008A92A /* Build configuration list for PBXProject "iosHost" */ = {
			isa = XCConfigurationList;
			buildConfigurations = (
				D2F06A302DABD0530008A92A /* Debug */,
				D2F06A312DABD0530008A92A /* Release */,
			);
			defaultConfigurationIsVisible = 0;
			defaultConfigurationName = Release;
		};
		D2F06A322DABD0530008A92A /* Build configuration list for PBXNativeTarget "iosHost" */ = {
			isa = XCConfigurationList;
			buildConfigurations = (
				D2F06A332DABD0530008A92A /* Debug */,
				D2F06A342DABD0530008A92A /* Release */,
			);
			defaultConfigurationIsVisible = 0;
			defaultConfigurationName = Release;
		};
		D2F06A352DABD0530008A92A /* Build configuration list for PBXNativeTarget "iosHostTests" */ = {
			isa = XCConfigurationList;
			buildConfigurations = (
				D2F06A362DABD0530008A92A /* Debug */,
				D2F06A372DABD0530008A92A /* Release */,
			);
			defaultConfigurationIsVisible = 0;
			defaultConfigurationName = Release;
		};
		D2F06A382DABD0530008A92A /* Build configuration list for PBXNativeTarget "iosHostUITests" */ = {
			isa = XCConfigurationList;
			buildConfigurations = (
				D2F06A392DABD0530008A92A /* Debug */,
				D2F06A3A2DABD0530008A92A /* Release */,
			);
			defaultConfigurationIsVisible = 0;
			defaultConfigurationName = Release;
		};
/* End XCConfigurationList section */
	};
	rootObject = D2F06A062DABD0520008A92A /* Project object */;
}
